
Microsoft Visual Studio Solution File, Format Version 12.00
# Visual Studio Version 17
VisualStudioVersion = 17.9.34616.47
MinimumVisualStudioVersion = 10.0.40219.1
Project("{9A19103F-16F7-4668-BE54-9A1E7A4F7556}") = "playground", "playground.csproj", "{F0561E7D-A658-471B-8AF6-30A24A65A16D}"
EndProject
Project("{FAE04EC0-301F-11D3-BF4B-00C04F79EFBC}") = "ContentCleaner", "..\ContentCleaner\ContentCleaner.csproj", "{47FF1616-B0DA-4C35-8661-69888A122830}"
EndProject
Global
	GlobalSection(SolutionConfigurationPlatforms) = preSolution
		Debug|Any CPU = Debug|Any CPU
		Release|Any CPU = Release|Any CPU
	EndGlobalSection
	GlobalSection(ProjectConfigurationPlatforms) = postSolution
		{F0561E7D-A658-471B-8AF6-30A24A65A16D}.Debug|Any CPU.ActiveCfg = Debug|Any CPU
		{F0561E7D-A658-471B-8AF6-30A24A65A16D}.Debug|Any CPU.Build.0 = Debug|Any CPU
		{F0561E7D-A658-471B-8AF6-30A24A65A16D}.Release|Any CPU.ActiveCfg = Release|Any CPU
		{F0561E7D-A658-471B-8AF6-30A24A65A16D}.Release|Any CPU.Build.0 = Release|Any CPU
		{47FF1616-B0DA-4C35-8661-69888A122830}.Debug|Any CPU.ActiveCfg = Debug|Any CPU
		{47FF1616-B0DA-4C35-8661-69888A122830}.Debug|Any CPU.Build.0 = Debug|Any CPU
		{47FF1616-B0DA-4C35-8661-69888A122830}.Release|Any CPU.ActiveCfg = Release|Any CPU
		{47FF1616-B0DA-4C35-8661-69888A122830}.Release|Any CPU.Build.0 = Release|Any CPU
	EndGlobalSection
	GlobalSection(SolutionProperties) = preSolution
		HideSolutionNode = FALSE
	EndGlobalSection
	GlobalSection(ExtensibilityGlobals) = postSolution
		SolutionGuid = {B6D7F613-C10E-4C98-8477-4A0DF10F50FB}
	EndGlobalSection
EndGlobal
